// !$*UTF8*$!
{
	archiveVersion = 1;
	classes = {
	};
	objectVersion = 63;
	objects = {

/* Begin PBXBuildFile section */
		8D27700128D250F4005A33B1 /* BudgetsAppApp.swift in Sources */ = {isa = PBXBuildFile; fileRef = 8D27700028D250F4005A33B1 /* BudgetsAppApp.swift */; };
		8D27700328D250F4005A33B1 /* ContentView.swift in Sources */ = {isa = PBXBuildFile; fileRef = 8D27700228D250F4005A33B1 /* ContentView.swift */; };
		8D27700528D250F5005A33B1 /* Assets.xcassets in Resources */ = {isa = PBXBuildFile; fileRef = 8D27700428D250F5005A33B1 /* Assets.xcassets */; };
		8D27700828D250F5005A33B1 /* Preview Assets.xcassets in Resources */ = {isa = PBXBuildFile; fileRef = 8D27700728D250F5005A33B1 /* Preview Assets.xcassets */; };
		8D27701028D2519C005A33B1 /* BudgetModel.xcdatamodeld in Sources */ = {isa = PBXBuildFile; fileRef = 8D27700E28D2519C005A33B1 /* BudgetModel.xcdatamodeld */; };
		8D27701428D252F0005A33B1 /* BudgetCategory+CoreDataClass.swift in Sources */ = {isa = PBXBuildFile; fileRef = 8D27701328D252F0005A33B1 /* BudgetCategory+CoreDataClass.swift */; };
		8D27701728D25561005A33B1 /* CoreDataManager.swift in Sources */ = {isa = PBXBuildFile; fileRef = 8D27701628D25561005A33B1 /* CoreDataManager.swift */; };
		8D27701A28D2583B005A33B1 /* AddBudgetCategoryView.swift in Sources */ = {isa = PBXBuildFile; fileRef = 8D27701928D2583B005A33B1 /* AddBudgetCategoryView.swift */; };
		8D27701D28D259D3005A33B1 /* NumberFormatter+Extensions.swift in Sources */ = {isa = PBXBuildFile; fileRef = 8D27701C28D259D3005A33B1 /* NumberFormatter+Extensions.swift */; };
		8D27701F28D3A16A005A33B1 /* BudgetListView.swift in Sources */ = {isa = PBXBuildFile; fileRef = 8D27701E28D3A16A005A33B1 /* BudgetListView.swift */; };
		8DB9268F28D4F1D400958AE8 /* Transaction+CoreDataClass.swift in Sources */ = {isa = PBXBuildFile; fileRef = 8DB9268E28D4F1D400958AE8 /* Transaction+CoreDataClass.swift */; };
		8DB9269128D4F22000958AE8 /* BudgetDetailView.swift in Sources */ = {isa = PBXBuildFile; fileRef = 8DB9269028D4F22000958AE8 /* BudgetDetailView.swift */; };
		8DB9269328D4FFC800958AE8 /* TransactionListView.swift in Sources */ = {isa = PBXBuildFile; fileRef = 8DB9269228D4FFC800958AE8 /* TransactionListView.swift */; };
		8DB9269528D54DCE00958AE8 /* BudgetSummaryView.swift in Sources */ = {isa = PBXBuildFile; fileRef = 8DB9269428D54DCE00958AE8 /* BudgetSummaryView.swift */; };
/* End PBXBuildFile section */

/* Begin PBXFileReference section */
		8D276FFD28D250F4005A33B1 /* BudgetsApp.app */ = {isa = PBXFileReference; explicitFileType = wrapper.application; includeInIndex = 0; path = BudgetsApp.app; sourceTree = BUILT_PRODUCTS_DIR; };
		8D27700028D250F4005A33B1 /* BudgetsAppApp.swift */ = {isa = PBXFileReference; lastKnownFileType = sourcecode.swift; path = BudgetsAppApp.swift; sourceTree = "<group>"; };
		8D27700228D250F4005A33B1 /* ContentView.swift */ = {isa = PBXFileReference; lastKnownFileType = sourcecode.swift; path = ContentView.swift; sourceTree = "<group>"; };
		8D27700428D250F5005A33B1 /* Assets.xcassets */ = {isa = PBXFileReference; lastKnownFileType = folder.assetcatalog; path = Assets.xcassets; sourceTree = "<group>"; };
		8D27700728D250F5005A33B1 /* Preview Assets.xcassets */ = {isa = PBXFileReference; lastKnownFileType = folder.assetcatalog; path = "Preview Assets.xcassets"; sourceTree = "<group>"; };
		8D27700F28D2519C005A33B1 /* BudgetModel.xcdatamodel */ = {isa = PBXFileReference; lastKnownFileType = wrapper.xcdatamodel; path = BudgetModel.xcdatamodel; sourceTree = "<group>"; };
		8D27701328D252F0005A33B1 /* BudgetCategory+CoreDataClass.swift */ = {isa = PBXFileReference; lastKnownFileType = sourcecode.swift; path = "BudgetCategory+CoreDataClass.swift"; sourceTree = "<group>"; };
		8D27701628D25561005A33B1 /* CoreDataManager.swift */ = {isa = PBXFileReference; lastKnownFileType = sourcecode.swift; path = CoreDataManager.swift; sourceTree = "<group>"; };
		8D27701928D2583B005A33B1 /* AddBudgetCategoryView.swift */ = {isa = PBXFileReference; lastKnownFileType = sourcecode.swift; path = AddBudgetCategoryView.swift; sourceTree = "<group>"; };
		8D27701C28D259D3005A33B1 /* NumberFormatter+Extensions.swift */ = {isa = PBXFileReference; lastKnownFileType = sourcecode.swift; path = "NumberFormatter+Extensions.swift"; sourceTree = "<group>"; };
		8D27701E28D3A16A005A33B1 /* BudgetListView.swift */ = {isa = PBXFileReference; lastKnownFileType = sourcecode.swift; path = BudgetListView.swift; sourceTree = "<group>"; };
		8DB9268E28D4F1D400958AE8 /* Transaction+CoreDataClass.swift */ = {isa = PBXFileReference; lastKnownFileType = sourcecode.swift; path = "Transaction+CoreDataClass.swift"; sourceTree = "<group>"; };
		8DB9269028D4F22000958AE8 /* BudgetDetailView.swift */ = {isa = PBXFileReference; lastKnownFileType = sourcecode.swift; path = BudgetDetailView.swift; sourceTree = "<group>"; };
		8DB9269228D4FFC800958AE8 /* TransactionListView.swift */ = {isa = PBXFileReference; lastKnownFileType = sourcecode.swift; path = TransactionListView.swift; sourceTree = "<group>"; };
		8DB9269428D54DCE00958AE8 /* BudgetSummaryView.swift */ = {isa = PBXFileReference; lastKnownFileType = sourcecode.swift; path = BudgetSummaryView.swift; sourceTree = "<group>"; };
/* End PBXFileReference section */

/* Begin PBXFrameworksBuildPhase section */
		8D276FFA28D250F4005A33B1 /* Frameworks */ = {
			isa = PBXFrameworksBuildPhase;
			buildActionMask = 2147483647;
			files = (
			);
			runOnlyForDeploymentPostprocessing = 0;
		};
/* End PBXFrameworksBuildPhase section */

/* Begin PBXGroup section */
		8D276FF428D250F4005A33B1 = {
			isa = PBXGroup;
			children = (
				8D276FFF28D250F4005A33B1 /* BudgetsApp */,
				8D276FFE28D250F4005A33B1 /* Products */,
			);
			sourceTree = "<group>";
		};
		8D276FFE28D250F4005A33B1 /* Products */ = {
			isa = PBXGroup;
			children = (
				8D276FFD28D250F4005A33B1 /* BudgetsApp.app */,
			);
			name = Products;
			sourceTree = "<group>";
		};
		8D276FFF28D250F4005A33B1 /* BudgetsApp */ = {
			isa = PBXGroup;
			children = (
				8D27701B28D259C1005A33B1 /* Extensions */,
				8D27701828D25827005A33B1 /* Views */,
				8D27701528D25554005A33B1 /* Managers */,
				8D27701128D252C3005A33B1 /* Models */,
				8D27700028D250F4005A33B1 /* BudgetsAppApp.swift */,
				8D27700228D250F4005A33B1 /* ContentView.swift */,
				8D27700428D250F5005A33B1 /* Assets.xcassets */,
				8D27700628D250F5005A33B1 /* Preview Content */,
				8D27700E28D2519C005A33B1 /* BudgetModel.xcdatamodeld */,
			);
			path = BudgetsApp;
			sourceTree = "<group>";
		};
		8D27700628D250F5005A33B1 /* Preview Content */ = {
			isa = PBXGroup;
			children = (
				8D27700728D250F5005A33B1 /* Preview Assets.xcassets */,
			);
			path = "Preview Content";
			sourceTree = "<group>";
		};
		8D27701128D252C3005A33B1 /* Models */ = {
			isa = PBXGroup;
			children = (
				8D27701328D252F0005A33B1 /* BudgetCategory+CoreDataClass.swift */,
				8DB9268E28D4F1D400958AE8 /* Transaction+CoreDataClass.swift */,
			);
			path = Models;
			sourceTree = "<group>";
		};
		8D27701528D25554005A33B1 /* Managers */ = {
			isa = PBXGroup;
			children = (
				8D27701628D25561005A33B1 /* CoreDataManager.swift */,
			);
			path = Managers;
			sourceTree = "<group>";
		};
		8D27701828D25827005A33B1 /* Views */ = {
			isa = PBXGroup;
			children = (
				8D27701928D2583B005A33B1 /* AddBudgetCategoryView.swift */,
				8D27701E28D3A16A005A33B1 /* BudgetListView.swift */,
				8DB9269028D4F22000958AE8 /* BudgetDetailView.swift */,
				8DB9269228D4FFC800958AE8 /* TransactionListView.swift */,
				8DB9269428D54DCE00958AE8 /* BudgetSummaryView.swift */,
			);
			path = Views;
			sourceTree = "<group>";
		};
		8D27701B28D259C1005A33B1 /* Extensions */ = {
			isa = PBXGroup;
			children = (
				8D27701C28D259D3005A33B1 /* NumberFormatter+Extensions.swift */,
			);
			path = Extensions;
			sourceTree = "<group>";
		};
/* End PBXGroup section */

/* Begin PBXNativeTarget section */
		8D276FFC28D250F4005A33B1 /* BudgetsApp */ = {
			isa = PBXNativeTarget;
			buildConfigurationList = 8D27700B28D250F5005A33B1 /* Build configuration list for PBXNativeTarget "BudgetsApp" */;
			buildPhases = (
				8D276FF928D250F4005A33B1 /* Sources */,
				8D276FFA28D250F4005A33B1 /* Frameworks */,
				8D276FFB28D250F4005A33B1 /* Resources */,
			);
			buildRules = (
			);
			dependencies = (
			);
			name = BudgetsApp;
			productName = BudgetsApp;
			productReference = 8D276FFD28D250F4005A33B1 /* BudgetsApp.app */;
			productType = "com.apple.product-type.application";
		};
/* End PBXNativeTarget section */

/* Begin PBXProject section */
		8D276FF528D250F4005A33B1 /* Project object */ = {
			isa = PBXProject;
			attributes = {
				BuildIndependentTargetsInParallel = 1;
				LastSwiftUpdateCheck = 1400;
				LastUpgradeCheck = 1540;
				TargetAttributes = {
					8D276FFC28D250F4005A33B1 = {
						CreatedOnToolsVersion = 14.0;
					};
				};
			};
			buildConfigurationList = 8D276FF828D250F4005A33B1 /* Build configuration list for PBXProject "BudgetsApp" */;
			compatibilityVersion = "Xcode 15.3";
			developmentRegion = en;
			hasScannedForEncodings = 0;
			knownRegions = (
				en,
				Base,
			);
			mainGroup = 8D276FF428D250F4005A33B1;
			productRefGroup = 8D276FFE28D250F4005A33B1 /* Products */;
			projectDirPath = "";
			projectRoot = "";
			targets = (
				8D276FFC28D250F4005A33B1 /* BudgetsApp */,
			);
		};
/* End PBXProject section */

/* Begin PBXResourcesBuildPhase section */
		8D276FFB28D250F4005A33B1 /* Resources */ = {
			isa = PBXResourcesBuildPhase;
			buildActionMask = 2147483647;
			files = (
				8D27700828D250F5005A33B1 /* Preview Assets.xcassets in Resources */,
				8D27700528D250F5005A33B1 /* Assets.xcassets in Resources */,
			);
			runOnlyForDeploymentPostprocessing = 0;
		};
/* End PBXResourcesBuildPhase section */

/* Begin PBXSourcesBuildPhase section */
		8D276FF928D250F4005A33B1 /* Sources */ = {
			isa = PBXSourcesBuildPhase;
			buildActionMask = 2147483647;
			files = (
				8D27700328D250F4005A33B1 /* ContentView.swift in Sources */,
				8D27701F28D3A16A005A33B1 /* BudgetListView.swift in Sources */,
				8D27700128D250F4005A33B1 /* BudgetsAppApp.swift in Sources */,
				8D27701D28D259D3005A33B1 /* NumberFormatter+Extensions.swift in Sources */,
				8DB9268F28D4F1D400958AE8 /* Transaction+CoreDataClass.swift in Sources */,
				8D27701428D252F0005A33B1 /* BudgetCategory+CoreDataClass.swift in Sources */,
				8DB9269528D54DCE00958AE8 /* BudgetSummaryView.swift in Sources */,
				8DB9269128D4F22000958AE8 /* BudgetDetailView.swift in Sources */,
				8D27701A28D2583B005A33B1 /* AddBudgetCategoryView.swift in Sources */,
				8DB9269328D4FFC800958AE8 /* TransactionListView.swift in Sources */,
				8D27701728D25561005A33B1 /* CoreDataManager.swift in Sources */,
				8D27701028D2519C005A33B1 /* BudgetModel.xcdatamodeld in Sources */,
			);
			runOnlyForDeploymentPostprocessing = 0;
		};
/* End PBXSourcesBuildPhase section */

/* Begin XCBuildConfiguration section */
		8D27700928D250F5005A33B1 /* Debug */ = {
			isa = XCBuildConfiguration;
			buildSettings = {
				ALWAYS_SEARCH_USER_PATHS = NO;
				ASSETCATALOG_COMPILER_GENERATE_SWIFT_ASSET_SYMBOL_EXTENSIONS = YES;
				CLANG_ANALYZER_NONNULL = YES;
				CLANG_ANALYZER_NUMBER_OBJECT_CONVERSION = YES_AGGRESSIVE;
				CLANG_CXX_LANGUAGE_STANDARD = "gnu++20";
				CLANG_ENABLE_MODULES = YES;
				CLANG_ENABLE_OBJC_ARC = YES;
				CLANG_ENABLE_OBJC_WEAK = YES;
				CLANG_WARN_BLOCK_CAPTURE_AUTORELEASING = YES;
				CLANG_WARN_BOOL_CONVERSION = YES;
				CLANG_WARN_COMMA = YES;
				CLANG_WARN_CONSTANT_CONVERSION = YES;
				CLANG_WARN_DEPRECATED_OBJC_IMPLEMENTATIONS = YES;
				CLANG_WARN_DIRECT_OBJC_ISA_USAGE = YES_ERROR;
				CLANG_WARN_DOCUMENTATION_COMMENTS = YES;
				CLANG_WARN_EMPTY_BODY = YES;
				CLANG_WARN_ENUM_CONVERSION = YES;
				CLANG_WARN_INFINITE_RECURSION = YES;
				CLANG_WARN_INT_CONVERSION = YES;
				CLANG_WARN_NON_LITERAL_NULL_CONVERSION = YES;
				CLANG_WARN_OBJC_IMPLICIT_RETAIN_SELF = YES;
				CLANG_WARN_OBJC_LITERAL_CONVERSION = YES;
				CLANG_WARN_OBJC_ROOT_CLASS = YES_ERROR;
				CLANG_WARN_QUOTED_INCLUDE_IN_FRAMEWORK_HEADER = YES;
				CLANG_WARN_RANGE_LOOP_ANALYSIS = YES;
				CLANG_WARN_STRICT_PROTOTYPES = YES;
				CLANG_WARN_SUSPICIOUS_MOVE = YES;
				CLANG_WARN_UNGUARDED_AVAILABILITY = YES_AGGRESSIVE;
				CLANG_WARN_UNREACHABLE_CODE = YES;
				CLANG_WARN__DUPLICATE_METHOD_MATCH = YES;
				COPY_PHASE_STRIP = NO;
				DEBUG_INFORMATION_FORMAT = dwarf;
				ENABLE_STRICT_OBJC_MSGSEND = YES;
				ENABLE_TESTABILITY = YES;
				ENABLE_USER_SCRIPT_SANDBOXING = YES;
				GCC_C_LANGUAGE_STANDARD = gnu11;
				GCC_DYNAMIC_NO_PIC = NO;
				GCC_NO_COMMON_BLOCKS = YES;
				GCC_OPTIMIZATION_LEVEL = 0;
				GCC_PREPROCESSOR_DEFINITIONS = (
					"DEBUG=1",
					"$(inherited)",
				);
				GCC_WARN_64_TO_32_BIT_CONVERSION = YES;
				GCC_WARN_ABOUT_RETURN_TYPE = YES_ERROR;
				GCC_WARN_UNDECLARED_SELECTOR = YES;
				GCC_WARN_UNINITIALIZED_AUTOS = YES_AGGRESSIVE;
				GCC_WARN_UNUSED_FUNCTION = YES;
				GCC_WARN_UNUSED_VARIABLE = YES;
				IPHONEOS_DEPLOYMENT_TARGET = 17.5;
				MTL_ENABLE_DEBUG_INFO = INCLUDE_SOURCE;
				MTL_FAST_MATH = YES;
				ONLY_ACTIVE_ARCH = YES;
				SDKROOT = iphoneos;
				SWIFT_ACTIVE_COMPILATION_CONDITIONS = DEBUG;
				SWIFT_OPTIMIZATION_LEVEL = "-Onone";
			};
			name = Debug;
		};
		8D27700A28D250F5005A33B1 /* Release */ = {
			isa = XCBuildConfiguration;
			buildSettings = {
				ALWAYS_SEARCH_USER_PATHS = NO;
				ASSETCATALOG_COMPILER_GENERATE_SWIFT_ASSET_SYMBOL_EXTENSIONS = YES;
				CLANG_ANALYZER_NONNULL = YES;
				CLANG_ANALYZER_NUMBER_OBJECT_CONVERSION = YES_AGGRESSIVE;
				CLANG_CXX_LANGUAGE_STANDARD = "gnu++20";
				CLANG_ENABLE_MODULES = YES;
				CLANG_ENABLE_OBJC_ARC = YES;
				CLANG_ENABLE_OBJC_WEAK = YES;
				CLANG_WARN_BLOCK_CAPTURE_AUTORELEASING = YES;
				CLANG_WARN_BOOL_CONVERSION = YES;
				CLANG_WARN_COMMA = YES;
				CLANG_WARN_CONSTANT_CONVERSION = YES;
				CLANG_WARN_DEPRECATED_OBJC_IMPLEMENTATIONS = YES;
				CLANG_WARN_DIRECT_OBJC_ISA_USAGE = YES_ERROR;
				CLANG_WARN_DOCUMENTATION_COMMENTS = YES;
				CLANG_WARN_EMPTY_BODY = YES;
				CLANG_WARN_ENUM_CONVERSION = YES;
				CLANG_WARN_INFINITE_RECURSION = YES;
				CLANG_WARN_INT_CONVERSION = YES;
				CLANG_WARN_NON_LITERAL_NULL_CONVERSION = YES;
				CLANG_WARN_OBJC_IMPLICIT_RETAIN_SELF = YES;
				CLANG_WARN_OBJC_LITERAL_CONVERSION = YES;
				CLANG_WARN_OBJC_ROOT_CLASS = YES_ERROR;
				CLANG_WARN_QUOTED_INCLUDE_IN_FRAMEWORK_HEADER = YES;
				CLANG_WARN_RANGE_LOOP_ANALYSIS = YES;
				CLANG_WARN_STRICT_PROTOTYPES = YES;
				CLANG_WARN_SUSPICIOUS_MOVE = YES;
				CLANG_WARN_UNGUARDED_AVAILABILITY = YES_AGGRESSIVE;
				CLANG_WARN_UNREACHABLE_CODE = YES;
				CLANG_WARN__DUPLICATE_METHOD_MATCH = YES;
				COPY_PHASE_STRIP = NO;
				DEBUG_INFORMATION_FORMAT = "dwarf-with-dsym";
				ENABLE_NS_ASSERTIONS = NO;
				ENABLE_STRICT_OBJC_MSGSEND = YES;
				ENABLE_USER_SCRIPT_SANDBOXING = YES;
				GCC_C_LANGUAGE_STANDARD = gnu11;
				GCC_NO_COMMON_BLOCKS = YES;
				GCC_WARN_64_TO_32_BIT_CONVERSION = YES;
				GCC_WARN_ABOUT_RETURN_TYPE = YES_ERROR;
				GCC_WARN_UNDECLARED_SELECTOR = YES;
				GCC_WARN_UNINITIALIZED_AUTOS = YES_AGGRESSIVE;
				GCC_WARN_UNUSED_FUNCTION = YES;
				GCC_WARN_UNUSED_VARIABLE = YES;
				IPHONEOS_DEPLOYMENT_TARGET = 17.5;
				MTL_ENABLE_DEBUG_INFO = NO;
				MTL_FAST_MATH = YES;
				SDKROOT = iphoneos;
				SWIFT_COMPILATION_MODE = wholemodule;
				SWIFT_OPTIMIZATION_LEVEL = "-O";
				VALIDATE_PRODUCT = YES;
			};
			name = Release;
		};
		8D27700C28D250F5005A33B1 /* Debug */ = {
			isa = XCBuildConfiguration;
			buildSettings = {
				ASSETCATALOG_COMPILER_APPICON_NAME = AppIcon;
				ASSETCATALOG_COMPILER_GLOBAL_ACCENT_COLOR_NAME = AccentColor;
				ASSETCATALOG_COMPILER_INCLUDE_ALL_APPICON_ASSETS = YES;
				CODE_SIGN_STYLE = Automatic;
				CURRENT_PROJECT_VERSION = 1;
				DEVELOPMENT_ASSET_PATHS = "\"BudgetsApp/Preview Content\"";
				DEVELOPMENT_TEAM = FSU6Y2HFZ2;
				ENABLE_PREVIEWS = YES;
				GENERATE_INFOPLIST_FILE = YES;
				INFOPLIST_KEY_CFBundleDisplayName = "Buget!";
				INFOPLIST_KEY_UIApplicationSceneManifest_Generation = YES;
				INFOPLIST_KEY_UIApplicationSupportsIndirectInputEvents = YES;
				INFOPLIST_KEY_UILaunchScreen_Generation = YES;
				INFOPLIST_KEY_UIRequiresFullScreen = YES;
				INFOPLIST_KEY_UISupportedInterfaceOrientations = UIInterfaceOrientationPortrait;
				INFOPLIST_KEY_UISupportedInterfaceOrientations_iPad = "UIInterfaceOrientationLandscapeLeft UIInterfaceOrientationLandscapeRight UIInterfaceOrientationPortrait UIInterfaceOrientationPortraitUpsideDown";
				IPHONEOS_DEPLOYMENT_TARGET = 17.5;
				LD_RUNPATH_SEARCH_PATHS = (
					"$(inherited)",
					"@executable_path/Frameworks",
				);
				MARKETING_VERSION = 1.0;
				PRODUCT_BUNDLE_IDENTIFIER = uk.co.ebow22science.BudgetsApp;
				PRODUCT_NAME = "$(TARGET_NAME)";
				SWIFT_EMIT_LOC_STRINGS = YES;
				SWIFT_VERSION = 5.0;
				TARGETED_DEVICE_FAMILY = "1,2";
			};
			name = Debug;
		};
		8D27700D28D250F5005A33B1 /* Release */ = {
			isa = XCBuildConfiguration;
			buildSettings = {
				ASSETCATALOG_COMPILER_APPICON_NAME = AppIcon;
				ASSETCATALOG_COMPILER_GLOBAL_ACCENT_COLOR_NAME = AccentColor;
				ASSETCATALOG_COMPILER_INCLUDE_ALL_APPICON_ASSETS = YES;
				CODE_SIGN_STYLE = Automatic;
				CURRENT_PROJECT_VERSION = 1;
				DEVELOPMENT_ASSET_PATHS = "\"BudgetsApp/Preview Content\"";
				DEVELOPMENT_TEAM = FSU6Y2HFZ2;
				ENABLE_PREVIEWS = YES;
				GENERATE_INFOPLIST_FILE = YES;
				INFOPLIST_KEY_CFBundleDisplayName = "Buget!";
				INFOPLIST_KEY_UIApplicationSceneManifest_Generation = YES;
				INFOPLIST_KEY_UIApplicationSupportsIndirectInputEvents = YES;
				INFOPLIST_KEY_UILaunchScreen_Generation = YES;
				INFOPLIST_KEY_UIRequiresFullScreen = YES;
				INFOPLIST_KEY_UISupportedInterfaceOrientations = UIInterfaceOrientationPortrait;
				INFOPLIST_KEY_UISupportedInterfaceOrientations_iPad = "UIInterfaceOrientationLandscapeLeft UIInterfaceOrientationLandscapeRight UIInterfaceOrientationPortrait UIInterfaceOrientationPortraitUpsideDown";
				IPHONEOS_DEPLOYMENT_TARGET = 17.5;
				LD_RUNPATH_SEARCH_PATHS = (
					"$(inherited)",
					"@executable_path/Frameworks",
				);
				MARKETING_VERSION = 1.0;
				PRODUCT_BUNDLE_IDENTIFIER = uk.co.ebow22science.BudgetsApp;
				PRODUCT_NAME = "$(TARGET_NAME)";
				SWIFT_EMIT_LOC_STRINGS = YES;
				SWIFT_VERSION = 5.0;
				TARGETED_DEVICE_FAMILY = "1,2";
			};
			name = Release;
		};
/* End XCBuildConfiguration section */

/* Begin XCConfigurationList section */
		8D276FF828D250F4005A33B1 /* Build configuration list for PBXProject "BudgetsApp" */ = {
			isa = XCConfigurationList;
			buildConfigurations = (
				8D27700928D250F5005A33B1 /* Debug */,
				8D27700A28D250F5005A33B1 /* Release */,
			);
			defaultConfigurationIsVisible = 0;
			defaultConfigurationName = Release;
		};
		8D27700B28D250F5005A33B1 /* Build configuration list for PBXNativeTarget "BudgetsApp" */ = {
			isa = XCConfigurationList;
			buildConfigurations = (
				8D27700C28D250F5005A33B1 /* Debug */,
				8D27700D28D250F5005A33B1 /* Release */,
			);
			defaultConfigurationIsVisible = 0;
			defaultConfigurationName = Release;
		};
/* End XCConfigurationList section */

/* Begin XCVersionGroup section */
		8D27700E28D2519C005A33B1 /* BudgetModel.xcdatamodeld */ = {
			isa = XCVersionGroup;
			children = (
				8D27700F28D2519C005A33B1 /* BudgetModel.xcdatamodel */,
			);
			currentVersion = 8D27700F28D2519C005A33B1 /* BudgetModel.xcdatamodel */;
			path = BudgetModel.xcdatamodeld;
			sourceTree = "<group>";
			versionGroupType = wrapper.xcdatamodel;
		};
/* End XCVersionGroup section */
	};
	rootObject = 8D276FF528D250F4005A33B1 /* Project object */;
}
